
Microsoft Visual Studio Solution File, Format Version 12.00
# Visual Studio Version 16
VisualStudioVersion = 16.0.30804.86
MinimumVisualStudioVersion = 10.0.40219.1
Project("{FAE04EC0-301F-11D3-BF4B-00C04F79EFBC}") = "SingleStoreORM", "SingleStoreORM.csproj", "{53BA3BCB-2660-4702-BE8A-C63096B28DDD}"
EndProject
Global
	GlobalSection(SolutionConfigurationPlatforms) = preSolution
		Debug|Any CPU = Debug|Any CPU
		Release|Any CPU = Release|Any CPU
	EndGlobalSection
	GlobalSection(ProjectConfigurationPlatforms) = postSolution
		{53BA3BCB-2660-4702-BE8A-C63096B28DDD}.Debug|Any CPU.ActiveCfg = Debug|Any CPU
		{53BA3BCB-2660-4702-BE8A-C63096B28DDD}.Debug|Any CPU.Build.0 = Debug|Any CPU
		{53BA3BCB-2660-4702-BE8A-C63096B28DDD}.Release|Any CPU.ActiveCfg = Release|Any CPU
		{53BA3BCB-2660-4702-BE8A-C63096B28DDD}.Release|Any CPU.Build.0 = Release|Any CPU
	EndGlobalSection
	GlobalSection(SolutionProperties) = preSolution
		HideSolutionNode = FALSE
	EndGlobalSection
	GlobalSection(ExtensibilityGlobals) = postSolution
		SolutionGuid = {119F5DA6-033C-4B32-864E-5D20AC650E66}
	EndGlobalSection
EndGlobal
